<?xml version="1.0" encoding="utf-8"?>
<Project ToolsVersion="4.0" xmlns="http://schemas.microsoft.com/developer/msbuild/2003">
  <ItemGroup>
    <Filter Include="measure">
      <UniqueIdentifier>{88A68D05-53A5-4C91-95C6-6471DAB8722F}</UniqueIdentifier>
    </Filter>
    <Filter Include="c_ui">
      <UniqueIdentifier>{bf464f89-5f56-4e6d-93c8-c90c599a3aa3}</UniqueIdentifier>
    </Filter>
    <Filter Include="c_ui\workbenches">
      <UniqueIdentifier>{f448063f-a7d9-4575-a92f-ef1090cfb4fd}</UniqueIdentifier>
    </Filter>
    <Filter Include="c_ui\app">
      <UniqueIdentifier>{6d4f1bad-b9b3-4662-8849-ebc2e637acdc}</UniqueIdentifier>
    </Filter>
    <Filter Include="c_ui\panels">
      <UniqueIdentifier>{56c8e114-0866-44e4-af47-f52ec539bea1}</UniqueIdentifier>
    </Filter>
    <Filter Include="c_ui\workbenches\common">
      <UniqueIdentifier>{fe6b4d8b-1e53-4c8a-af87-5a8bb6ffb279}</UniqueIdentifier>
    </Filter>
    <Filter Include="c_ui\workspace">
      <UniqueIdentifier>{eab3d201-b7af-4a42-8dbd-533a061c1e45}</UniqueIdentifier>
    </Filter>
    <Filter Include="c_ui\ribbon">
      <UniqueIdentifier>{c40fa0e1-d38b-48e9-857b-d37381c60db0}</UniqueIdentifier>
    </Filter>
    <Filter Include="c_ui\commands">
      <UniqueIdentifier>{492d76d5-1dd8-43d2-8815-eb80575ef09c}</UniqueIdentifier>
    </Filter>
    <Filter Include="c_ui\window">
      <UniqueIdentifier>{d74b5b1b-ed5e-4aa5-8d39-daa31ed1f132}</UniqueIdentifier>
    </Filter>
    <Filter Include="c_ui\context">
      <UniqueIdentifier>{a93919bb-f287-4c4b-ac53-3675c0127533}</UniqueIdentifier>
    </Filter>
    <Filter Include="c_ui\viewport">
      <UniqueIdentifier>{c6e1bb34-654b-4dca-90f7-373ff422f771}</UniqueIdentifier>
    </Filter>
    <Filter Include="c_ui\external">
      <UniqueIdentifier>{f97aca83-1e53-4784-ba72-73966a9c1736}</UniqueIdentifier>
    </Filter>
  </ItemGroup>
  <ItemGroup>
    <ClInclude Include="measure\MeasureToolDialog.h">
      <Filter>measure</Filter>
    </ClInclude>
    <ClInclude Include="measure\EdgeCaptureController.h">
      <Filter>measure</Filter>
    </ClInclude>
    <ClInclude Include="measure\ZcEdgeAlgorithm.h">
      <Filter>measure</Filter>
    </ClInclude>
    <ClInclude Include="measure\MeasurementGeometry.h">
      <Filter>measure</Filter>
    </ClInclude>
    <ClInclude Include="measure\MeasurementInteractionHandler.h">
      <Filter>measure</Filter>
    </ClInclude>
    <ClInclude Include="measure\MeasurementOverlayStrategy.h">
      <Filter>measure</Filter>
    </ClInclude>
    <ClInclude Include="measure\MeasurementSession.h">
      <Filter>measure</Filter>
    </ClInclude>
    <ClInclude Include="measure\MeasurementToolDefinition.h">
      <Filter>measure</Filter>
    </ClInclude>
    <ClInclude Include="measure\MeasurementTypes.h">
      <Filter>measure</Filter>
    </ClInclude>
    <ClInclude Include="measure\MeasurementView.h">
      <Filter>measure</Filter>
    </ClInclude>
    <ClInclude Include="measure\MeasurementZoomHandler.h">
      <Filter>measure</Filter>
    </ClInclude>
    <ClInclude Include="c_ui\app\app.h">
      <Filter>c_ui\app</Filter>
    </ClInclude>
    <ClInclude Include="c_ui\workbenches\common\RibbonBulider.h">
      <Filter>c_ui\ribbon</Filter>
    </ClInclude>
    <ClInclude Include="measure\MeasurementViewport.h">
      <Filter>measure</Filter>
    </ClInclude>
    <ClInclude Include="measure\MeasurementViewInitState.h">
      <Filter>measure</Filter>
    </ClInclude>
    <ClInclude Include="measure\MeasureHostBridge.h">
      <Filter>measure</Filter>
    </ClInclude>
    <ClInclude Include="measure\MeasureViewAdapter.h">
      <Filter>measure</Filter>
    </ClInclude>
    <ClInclude Include="c_ui\QtStlCompat.h">
      <Filter>c_ui</Filter>
    </ClInclude>
    <ClInclude Include="c_ui\external\reconstruction_result.h">
      <Filter>c_ui\external</Filter>
    </ClInclude>
  </ItemGroup>
  <ItemGroup>
    <ClCompile Include="measure\MeasureToolDialog.cpp">
      <Filter>measure</Filter>
    </ClCompile>
    <ClCompile Include="measure\EdgeCaptureController.cpp">
      <Filter>measure</Filter>
    </ClCompile>
    <ClCompile Include="measure\ZcEdgeAlgorithm.cpp">
      <Filter>measure</Filter>
    </ClCompile>
    <ClCompile Include="measure\MeasurementGeometry.cpp">
      <Filter>measure</Filter>
    </ClCompile>
    <ClCompile Include="measure\MeasurementInteractionHandler.cpp">
      <Filter>measure</Filter>
    </ClCompile>
    <ClCompile Include="measure\MeasurementOverlayStrategy.cpp">
      <Filter>measure</Filter>
    </ClCompile>
    <ClCompile Include="measure\MeasurementSession.cpp">
      <Filter>measure</Filter>
    </ClCompile>
    <ClCompile Include="measure\MeasurementToolDefinition.cpp">
      <Filter>measure</Filter>
    </ClCompile>
    <ClCompile Include="measure\MeasurementView.cpp">
      <Filter>measure</Filter>
    </ClCompile>
    <ClCompile Include="measure\MeasurementZoomHandler.cpp">
      <Filter>measure</Filter>
    </ClCompile>
    <ClCompile Include="c_ui\workbenches\common\RibbonBuilder.cpp">
      <Filter>c_ui\ribbon</Filter>
    </ClCompile>
    <ClCompile Include="measure\MeasurementViewport.cpp">
      <Filter>measure</Filter>
    </ClCompile>
    <ClCompile Include="measure\MeasureHostBridge.cpp">
      <Filter>measure</Filter>
    </ClCompile>
    <ClCompile Include="measure\MeasureViewAdapter.cpp">
      <Filter>measure</Filter>
    </ClCompile>
    <ClCompile Include="c_ui\external\online_reconstruction_dialog.cpp">
      <Filter>c_ui\external</Filter>
    </ClCompile>
    <ClCompile Include="c_ui\external\reconstruction_worker.cpp">
      <Filter>c_ui\external</Filter>
    </ClCompile>
  </ItemGroup>
  <ItemGroup>
    <ClInclude Include="c_ui\workbenches\common\RibbonCommon.h">
      <Filter>c_ui\workbenches\common</Filter>
    </ClInclude>
    <ClInclude Include="c_ui\workbenches\common\IconMaps\RibbonIconMaps.h">
      <Filter>c_ui\workbenches\common</Filter>
    </ClInclude>
    <ClInclude Include="c_ui\command\commands.h">
      <Filter>c_ui\commands</Filter>
    </ClInclude>
    <ClInclude Include="c_ui\context\AppContext.h">
      <Filter>c_ui\context</Filter>
    </ClInclude>
  </ItemGroup>
  <ItemGroup>
    <ClCompile Include="c_ui\main.cpp">
      <Filter>c_ui</Filter>
    </ClCompile>
    <ClCompile Include="c_ui\MainWindow.cpp">
      <Filter>c_ui</Filter>
    </ClCompile>
    <ClCompile Include="c_ui\workbenches\AlignmentPage.cpp">
      <Filter>c_ui\workbenches</Filter>
    </ClCompile>
    <ClCompile Include="c_ui\workbenches\AnalysisPage.cpp">
      <Filter>c_ui\workbenches</Filter>
    </ClCompile>
    <ClCompile Include="c_ui\workbenches\AnimationPage.cpp">
      <Filter>c_ui\workbenches</Filter>
    </ClCompile>
    <ClCompile Include="c_ui\workbenches\CADAndThen.cpp">
      <Filter>c_ui\workbenches</Filter>
    </ClCompile>
    <ClCompile Include="c_ui\workbenches\DocumentPage.cpp">
      <Filter>c_ui\workbenches</Filter>
    </ClCompile>
    <ClCompile Include="c_ui\workbenches\EditPage.cpp">
      <Filter>c_ui\workbenches</Filter>
    </ClCompile>
    <ClCompile Include="c_ui\workbenches\GeometryPage.cpp">
      <Filter>c_ui\workbenches</Filter>
    </ClCompile>
    <ClCompile Include="c_ui\workbenches\MeasurePage.cpp">
      <Filter>c_ui\workbenches</Filter>
    </ClCompile>
    <ClCompile Include="c_ui\workbenches\ReportPage.cpp">
      <Filter>c_ui\workbenches</Filter>
    </ClCompile>
    <ClCompile Include="c_ui\workbenches\SelectPage.cpp">
      <Filter>c_ui\workbenches</Filter>
    </ClCompile>
    <ClCompile Include="c_ui\workbenches\StartPage.cpp">
      <Filter>c_ui\workbenches</Filter>
    </ClCompile>
    <ClCompile Include="c_ui\workbenches\VolumePage.cpp">
      <Filter>c_ui\workbenches</Filter>
    </ClCompile>
    <ClCompile Include="c_ui\workbenches\WindowPage.cpp">
      <Filter>c_ui\workbenches</Filter>
    </ClCompile>
    <ClCompile Include="c_ui\app\app.cpp">
      <Filter>c_ui\app</Filter>
    </ClCompile>
    <ClCompile Include="c_ui\context\SessionManager.cpp">
      <Filter>c_ui\context</Filter>
    </ClCompile>
    <ClCompile Include="c_ui\panels\SceneTreePanel.cpp">
      <Filter>c_ui\panels</Filter>
    </ClCompile>
    <ClCompile Include="c_ui\panels\RenderPanel.cpp">
      <Filter>c_ui\panels</Filter>
    </ClCompile>
    <ClCompile Include="c_ui\viewport\ViewportGather.cpp">
      <Filter>c_ui\viewport</Filter>
    </ClCompile>
    <ClCompile Include="c_ui\contextarea\WorkspacePage.cpp">
      <Filter>c_ui\workspace</Filter>
    </ClCompile>
    <ClCompile Include="c_ui\windows\TitleBar.cpp">
      <Filter>c_ui\window</Filter>
    </ClCompile>
    <ClCompile Include="c_ui\ribbon\RibbonPage.cpp">
      <Filter>c_ui\ribbon</Filter>
    </ClCompile>
  </ItemGroup>
  <ItemGroup>
    <QtMoc Include="c_ui\MainWindow.h">
      <Filter>c_ui</Filter>
    </QtMoc>
    <QtMoc Include="c_ui\workbenches\DocumentPage.h">
      <Filter>c_ui\workbenches</Filter>
    </QtMoc>
    <QtMoc Include="c_ui\workbenches\AlignmentPage.h">
      <Filter>c_ui\workbenches</Filter>
    </QtMoc>
    <QtMoc Include="c_ui\workbenches\AnalysisPage.h">
      <Filter>c_ui\workbenches</Filter>
    </QtMoc>
    <QtMoc Include="c_ui\workbenches\AnimationPage.h">
      <Filter>c_ui\workbenches</Filter>
    </QtMoc>
    <QtMoc Include="c_ui\workbenches\CADAndThen.h">
      <Filter>c_ui\workbenches</Filter>
    </QtMoc>
    <QtMoc Include="c_ui\workbenches\EditPage.h">
      <Filter>c_ui\workbenches</Filter>
    </QtMoc>
    <QtMoc Include="c_ui\workbenches\GeometryPage.h">
      <Filter>c_ui\workbenches</Filter>
    </QtMoc>
    <QtMoc Include="c_ui\workbenches\MeasurePage.h">
      <Filter>c_ui\workbenches</Filter>
    </QtMoc>
    <QtMoc Include="c_ui\workbenches\ReportPage.h">
      <Filter>c_ui\workbenches</Filter>
    </QtMoc>
    <QtMoc Include="c_ui\workbenches\StartPage.h">
      <Filter>c_ui\workbenches</Filter>
    </QtMoc>
    <QtMoc Include="c_ui\workbenches\VolumePage.h">
      <Filter>c_ui\workbenches</Filter>
    </QtMoc>
    <QtMoc Include="c_ui\workbenches\WindowPage.h">
      <Filter>c_ui\workbenches</Filter>
    </QtMoc>
    <QtMoc Include="c_ui\context\SessionManager.h">
      <Filter>c_ui\context</Filter>
    </QtMoc>
    <QtMoc Include="c_ui\panels\SceneTreePanel.h">
      <Filter>c_ui\panels</Filter>
    </QtMoc>
    <QtMoc Include="c_ui\panels\RenderPanel.h">
      <Filter>c_ui\panels</Filter>
    </QtMoc>
    <QtMoc Include="c_ui\viewport\ViewportGather.h">
      <Filter>c_ui\viewport</Filter>
    </QtMoc>
    <QtMoc Include="c_ui\contextarea\WorkspacePage.h">
      <Filter>c_ui\workspace</Filter>
    </QtMoc>
    <QtMoc Include="c_ui\ribbon\RibbonPage.h">
      <Filter>c_ui\ribbon</Filter>
    </QtMoc>
    <QtMoc Include="c_ui\windows\Titlebar.h">
      <Filter>c_ui\window</Filter>
    </QtMoc>
    <QtMoc Include="c_ui\external\online_reconstruction_dialog.h">
      <Filter>c_ui\external</Filter>
    </QtMoc>
    <QtMoc Include="c_ui\external\reconstruction_worker.h">
      <Filter>c_ui\external</Filter>
    </QtMoc>
  </ItemGroup>
</Project>